# This file was autogenerated by Stack.
# You should not edit this file by hand.
# For more information, please see the documentation at:
#   https://docs.haskellstack.org/en/stable/lock_files

packages:
- completed:
    hackage: primitive-0.9.0.0@sha256:1ceb39f67c0e614180f2992a6d30f26603ab2cd23c4f8e25b30213f98807f6f1,3141
    pantry-tree:
      sha256: ebf0e03c7ca2f607d30cceeda49dc1f82a652177131f8922ac37846603421246
      size: 1793
  original:
    hackage: primitive-0.9.0.0@sha256:1ceb39f67c0e614180f2992a6d30f26603ab2cd23c4f8e25b30213f98807f6f1,3141
snapshots:
- completed:
    sha256: 6f0bea3ba5b07360f25bc886e8cff8d847767557a492a6f7f6dcb06e3cc79ee9
    size: 712905
    url: https://raw.githubusercontent.com/commercialhaskell/stackage-snapshots/master/lts/22/13.yaml
  original: lts-22.13
